// !$*UTF8*$!
{
	archiveVersion = 1;
	classes = {
	};
	objectVersion = 46;
	objects = {

/* Begin PBXBuildFile section */
		541E0C3418A6647D00825463 /* Foundation.framework in Frameworks */ = {isa = PBXBuildFile; fileRef = 541E0C3318A6647D00825463 /* Foundation.framework */; };
		541E0C3618A6647D00825463 /* CoreGraphics.framework in Frameworks */ = {isa = PBXBuildFile; fileRef = 541E0C3518A6647D00825463 /* CoreGraphics.framework */; };
		541E0C3818A6647D00825463 /* UIKit.framework in Frameworks */ = {isa = PBXBuildFile; fileRef = 541E0C3718A6647D00825463 /* UIKit.framework */; };
		541E0C3E18A6647D00825463 /* InfoPlist.strings in Resources */ = {isa = PBXBuildFile; fileRef = 541E0C3C18A6647D00825463 /* InfoPlist.strings */; };
		541E0C4018A6647D00825463 /* main.m in Sources */ = {isa = PBXBuildFile; fileRef = 541E0C3F18A6647D00825463 /* main.m */; };
		541E0C4418A6647D00825463 /* LXAppDelegate.m in Sources */ = {isa = PBXBuildFile; fileRef = 541E0C4318A6647D00825463 /* LXAppDelegate.m */; };
		541E0C4718A6647D00825463 /* Main_iPhone.storyboard in Resources */ = {isa = PBXBuildFile; fileRef = 541E0C4518A6647D00825463 /* Main_iPhone.storyboard */; };
		541E0C4A18A6647D00825463 /* Main_iPad.storyboard in Resources */ = {isa = PBXBuildFile; fileRef = 541E0C4818A6647D00825463 /* Main_iPad.storyboard */; };
		541E0C4F18A6647D00825463 /* Images.xcassets in Resources */ = {isa = PBXBuildFile; fileRef = 541E0C4E18A6647D00825463 /* Images.xcassets */; };
		541E0C5618A6647D00825463 /* XCTest.framework in Frameworks */ = {isa = PBXBuildFile; fileRef = 541E0C5518A6647D00825463 /* XCTest.framework */; };
		541E0C5718A6647E00825463 /* Foundation.framework in Frameworks */ = {isa = PBXBuildFile; fileRef = 541E0C3318A6647D00825463 /* Foundation.framework */; };
		541E0C5818A6647E00825463 /* UIKit.framework in Frameworks */ = {isa = PBXBuildFile; fileRef = 541E0C3718A6647D00825463 /* UIKit.framework */; };
		541E0C6018A6647E00825463 /* InfoPlist.strings in Resources */ = {isa = PBXBuildFile; fileRef = 541E0C5E18A6647E00825463 /* InfoPlist.strings */; };
		541E0C6218A6647E00825463 /* ble_managerTests.m in Sources */ = {isa = PBXBuildFile; fileRef = 541E0C6118A6647E00825463 /* ble_managerTests.m */; };
		5423D13E18A6658500297AC4 /* Crashlytics.framework in Frameworks */ = {isa = PBXBuildFile; fileRef = 5423D13D18A6658500297AC4 /* Crashlytics.framework */; };
		547DE4B918A788CA000EFAFD /* CoreBluetooth.framework in Frameworks */ = {isa = PBXBuildFile; fileRef = 547DE4B818A788CA000EFAFD /* CoreBluetooth.framework */; };
		547DE4BB18A7A100000EFAFD /* LXPeripheralView.xib in Resources */ = {isa = PBXBuildFile; fileRef = 547DE4BA18A7A100000EFAFD /* LXPeripheralView.xib */; };
		547DE4BD18A7B9E1000EFAFD /* QuartzCore.framework in Frameworks */ = {isa = PBXBuildFile; fileRef = 547DE4BC18A7B9E1000EFAFD /* QuartzCore.framework */; };
		547DE4C318A7C482000EFAFD /* progress.png in Resources */ = {isa = PBXBuildFile; fileRef = 547DE4BF18A7C482000EFAFD /* progress.png */; };
		547DE4C418A7C482000EFAFD /* progress@2x.png in Resources */ = {isa = PBXBuildFile; fileRef = 547DE4C018A7C482000EFAFD /* progress@2x.png */; };
		547DE4C518A7C482000EFAFD /* wave.png in Resources */ = {isa = PBXBuildFile; fileRef = 547DE4C118A7C482000EFAFD /* wave.png */; };
		547DE4C618A7C482000EFAFD /* wave@2x.png in Resources */ = {isa = PBXBuildFile; fileRef = 547DE4C218A7C482000EFAFD /* wave@2x.png */; };
		547DE4CA18A85040000EFAFD /* Reveal.framework in Frameworks */ = {isa = PBXBuildFile; fileRef = 547DE4C918A85040000EFAFD /* Reveal.framework */; };
		DB34D0170A9B5A104D2F7381 /* LXPeripheralsViewController.m in Sources */ = {isa = PBXBuildFile; fileRef = DB34D57156351E1515916F80 /* LXPeripheralsViewController.m */; };
		DB34D026FD760623454B6C9B /* LXPeripheralDetailsViewController.m in Sources */ = {isa = PBXBuildFile; fileRef = DB34D22F6ED68746D85B919B /* LXPeripheralDetailsViewController.m */; };
		DB34D02C5E0ADE6CF99F4DA8 /* LXPeripheralHeaderViewController.m in Sources */ = {isa = PBXBuildFile; fileRef = DB34DAA7EB840C38DC960753 /* LXPeripheralHeaderViewController.m */; };
		DB34D0EF87A5A2EEA318E16E /* Cabin-Italic.ttf in Resources */ = {isa = PBXBuildFile; fileRef = DB34D4A3828E12255F598190 /* Cabin-Italic.ttf */; };
		DB34D10F760F11C9D32D64D1 /* Cabin-Regular.ttf in Resources */ = {isa = PBXBuildFile; fileRef = DB34D2192721EF56BEDD0FE3 /* Cabin-Regular.ttf */; };
		DB34D135F7ADDA7147D1C3AE /* LXDiscoveryViewController.m in Sources */ = {isa = PBXBuildFile; fileRef = DB34D070153E8FB10338D517 /* LXDiscoveryViewController.m */; };
		DB34D1689DAF2C77E773C4E1 /* LXPeripheralHeaderViewController.m in Sources */ = {isa = PBXBuildFile; fileRef = DB34DAA7EB840C38DC960753 /* LXPeripheralHeaderViewController.m */; };
		DB34D1963E0B800A8D9172B3 /* LXScanViewController.m in Sources */ = {isa = PBXBuildFile; fileRef = DB34DEFE7EFE6A928C137CCF /* LXScanViewController.m */; };
		DB34D1C70AC3BC53FE4A40CF /* Lato-Lig.ttf in Resources */ = {isa = PBXBuildFile; fileRef = DB34D4D069CDD408FAAC1FF9 /* Lato-Lig.ttf */; };
		DB34D1EF91F8120F8285D6BA /* Lato-Bol.ttf in Resources */ = {isa = PBXBuildFile; fileRef = DB34D78ADC2B34CE133459CB /* Lato-Bol.ttf */; };
		DB34D23F148B10EABC80240A /* Lato-Bla.ttf in Resources */ = {isa = PBXBuildFile; fileRef = DB34DB497D65B3DEE63C5945 /* Lato-Bla.ttf */; };
		DB34D248D76225A8C751CFDC /* LXDiscoveryManager.m in Sources */ = {isa = PBXBuildFile; fileRef = DB34DA8A8868465DD0B7B280 /* LXDiscoveryManager.m */; };
		DB34D298691689BCB7264203 /* Cabin-Bold.ttf in Resources */ = {isa = PBXBuildFile; fileRef = DB34DA0D5ECB5E3BDC0D83A0 /* Cabin-Bold.ttf */; };
		DB34D2D4A96998D091AF6350 /* Lato-HaiIta.ttf in Resources */ = {isa = PBXBuildFile; fileRef = DB34DBAD5AB6F21EC3557396 /* Lato-HaiIta.ttf */; };
		DB34D315DE174A76C7B9F1E2 /* Lato-BolIta.ttf in Resources */ = {isa = PBXBuildFile; fileRef = DB34D1D4941F31A4DC28B65D /* Lato-BolIta.ttf */; };
		DB34D352DF5DA577FB0492E8 /* UIColor+XBAdditions.m in Sources */ = {isa = PBXBuildFile; fileRef = DB34DA8FE87E102B88338E3B /* UIColor+XBAdditions.m */; };
		DB34D36DA7EA96C9FB4D0F9B /* Lato-LigIta.ttf in Resources */ = {isa = PBXBuildFile; fileRef = DB34D9D907B789F618C4733E /* Lato-LigIta.ttf */; };
		DB34D3ADB5B38DE3F2A72814 /* Cabin-MediumItalic.ttf in Resources */ = {isa = PBXBuildFile; fileRef = DB34D23B3DB10F4765FF5BBE /* Cabin-MediumItalic.ttf */; };
		DB34D3EEEAE306DEF592854D /* LXPeripheralService.m in Sources */ = {isa = PBXBuildFile; fileRef = DB34D310535F4D17229CF90F /* LXPeripheralService.m */; };
		DB34D3F4EE5438BE4A65C18E /* LXPeripheral.m in Sources */ = {isa = PBXBuildFile; fileRef = DB34D946A03C4BB956210196 /* LXPeripheral.m */; };
		DB34D414B52329EC12A4AB89 /* Lato-Bol.ttf in Resources */ = {isa = PBXBuildFile; fileRef = DB34D78ADC2B34CE133459CB /* Lato-Bol.ttf */; };
		DB34D446D26EA98FAD746217 /* Cabin-SemiBold.ttf in Resources */ = {isa = PBXBuildFile; fileRef = DB34DC9AA4BD6F1E6DDD41B4 /* Cabin-SemiBold.ttf */; };
		DB34D457D33FA4B67CE3F639 /* LXConstant.m in Sources */ = {isa = PBXBuildFile; fileRef = DB34DAAEC3C300D5115F9989 /* LXConstant.m */; };
		DB34D460865F2F464DAB9204 /* Lato-Hai.ttf in Resources */ = {isa = PBXBuildFile; fileRef = DB34DBAE1655D3A7FD0A300E /* Lato-Hai.ttf */; };
		DB34D46E91DF175CDF0A2B80 /* LXPeripheralServiceTableViewCell.m in Sources */ = {isa = PBXBuildFile; fileRef = DB34D55D1EDA704697EFFE3B /* LXPeripheralServiceTableViewCell.m */; };
		DB34D477E8AD753BA47A23A7 /* Cabin-Medium.ttf in Resources */ = {isa = PBXBuildFile; fileRef = DB34DB82EBC071DEADF61413 /* Cabin-Medium.ttf */; };
		DB34D4CBC56D0A32FF75BCD4 /* Cabin-SemiBoldItalic.ttf in Resources */ = {isa = PBXBuildFile; fileRef = DB34D240F674A1868B1BC0B1 /* Cabin-SemiBoldItalic.ttf */; };
		DB34D546E488147A4A5B4269 /* Cabin-SemiBoldItalic.ttf in Resources */ = {isa = PBXBuildFile; fileRef = DB34D240F674A1868B1BC0B1 /* Cabin-SemiBoldItalic.ttf */; };
		DB34D5C330094CA668155E68 /* Cabin-BoldItalic.ttf in Resources */ = {isa = PBXBuildFile; fileRef = DB34D2CCDD80F4EBD33F8987 /* Cabin-BoldItalic.ttf */; };
		DB34D676562D6C922B3D6184 /* LXPeripheralViewCell.m in Sources */ = {isa = PBXBuildFile; fileRef = DB34D0B6437882D38F4D2390 /* LXPeripheralViewCell.m */; };
		DB34D68B29CB7FBF9EECF2EF /* LXPeripheralServiceTableViewCell.m in Sources */ = {isa = PBXBuildFile; fileRef = DB34D55D1EDA704697EFFE3B /* LXPeripheralServiceTableViewCell.m */; };
		DB34D6BBD5476816A202859C /* LXScanViewController.m in Sources */ = {isa = PBXBuildFile; fileRef = DB34DEFE7EFE6A928C137CCF /* LXScanViewController.m */; };
		DB34D6F75F670CEF1E1FD522 /* Lato-Hai.ttf in Resources */ = {isa = PBXBuildFile; fileRef = DB34DBAE1655D3A7FD0A300E /* Lato-Hai.ttf */; };
		DB34D73A4B3A90C4662647C1 /* LXPeripheralServicesViewController.m in Sources */ = {isa = PBXBuildFile; fileRef = DB34D170235208EE3A85D38A /* LXPeripheralServicesViewController.m */; };
		DB34D73FB6F265F8908553C3 /* Cabin-Bold.ttf in Resources */ = {isa = PBXBuildFile; fileRef = DB34DA0D5ECB5E3BDC0D83A0 /* Cabin-Bold.ttf */; };
		DB34D750F232BBA506A75657 /* UIColor+XBAdditions.m in Sources */ = {isa = PBXBuildFile; fileRef = DB34DA8FE87E102B88338E3B /* UIColor+XBAdditions.m */; };
		DB34D7CD9056AAD99CEC25C8 /* Lato-RegIta.ttf in Resources */ = {isa = PBXBuildFile; fileRef = DB34D6321659D7C5626A3B3B /* Lato-RegIta.ttf */; };
		DB34D81C8BC1F75A6DAA86B8 /* Lato-LigIta.ttf in Resources */ = {isa = PBXBuildFile; fileRef = DB34D9D907B789F618C4733E /* Lato-LigIta.ttf */; };
		DB34D820BD9F3774375008AA /* Cabin-Regular.ttf in Resources */ = {isa = PBXBuildFile; fileRef = DB34D2192721EF56BEDD0FE3 /* Cabin-Regular.ttf */; };
		DB34D87967D4FE5447A9111C /* Lato-Reg.ttf in Resources */ = {isa = PBXBuildFile; fileRef = DB34D1D265BA56D328B49F32 /* Lato-Reg.ttf */; };
		DB34D8827CB9F476EC763243 /* Lato-BlaIta.ttf in Resources */ = {isa = PBXBuildFile; fileRef = DB34D1ECDD6CC1B65132771F /* Lato-BlaIta.ttf */; };
		DB34D885D95B1BFB604F0657 /* LXPeripheralServicesViewController.m in Sources */ = {isa = PBXBuildFile; fileRef = DB34D170235208EE3A85D38A /* LXPeripheralServicesViewController.m */; };
		DB34D8C78CFA5BFB55913049 /* LXPeripheralViewCell.m in Sources */ = {isa = PBXBuildFile; fileRef = DB34D0B6437882D38F4D2390 /* LXPeripheralViewCell.m */; };
		DB34D8C9A77F9016DE3989F9 /* LXTableViewCell.m in Sources */ = {isa = PBXBuildFile; fileRef = DB34D45F8175FAFBB25309B4 /* LXTableViewCell.m */; };
		DB34D8F776A8D0938B4FB3CB /* Lato-Bla.ttf in Resources */ = {isa = PBXBuildFile; fileRef = DB34DB497D65B3DEE63C5945 /* Lato-Bla.ttf */; };
		DB34D9018A04C9DA9DF73D48 /* LXPeripheralView.m in Sources */ = {isa = PBXBuildFile; fileRef = DB34DFC14AB290876A2970A8 /* LXPeripheralView.m */; };
		DB34D956CC39A67AF68CD332 /* Lato-BolIta.ttf in Resources */ = {isa = PBXBuildFile; fileRef = DB34D1D4941F31A4DC28B65D /* Lato-BolIta.ttf */; };
		DB34D97D33009FB033A656D0 /* services.json in Resources */ = {isa = PBXBuildFile; fileRef = DB34DCBA2EB45AACE7C42965 /* services.json */; };
		DB34D9D5C239DFE5093EAB0D /* services.json in Resources */ = {isa = PBXBuildFile; fileRef = DB34DCBA2EB45AACE7C42965 /* services.json */; };
		DB34DA2C2F41164003E562BC /* Cabin-Medium.ttf in Resources */ = {isa = PBXBuildFile; fileRef = DB34DB82EBC071DEADF61413 /* Cabin-Medium.ttf */; };
		DB34DA83476CE5E6F0C282AF /* LXPeripheralsViewController.m in Sources */ = {isa = PBXBuildFile; fileRef = DB34D57156351E1515916F80 /* LXPeripheralsViewController.m */; };
		DB34DB6084059D008B847A20 /* Lobster.ttf in Resources */ = {isa = PBXBuildFile; fileRef = DB34DC7DF2AE2FA17721DD78 /* Lobster.ttf */; };
		DB34DBACBA0F584997C024F1 /* Cabin-BoldItalic.ttf in Resources */ = {isa = PBXBuildFile; fileRef = DB34D2CCDD80F4EBD33F8987 /* Cabin-BoldItalic.ttf */; };
		DB34DBDE0B54388B224FC1AA /* LXPeripheralDetailsViewController.m in Sources */ = {isa = PBXBuildFile; fileRef = DB34D22F6ED68746D85B919B /* LXPeripheralDetailsViewController.m */; };
		DB34DBEE08B04B8874860E0A /* Lato-RegIta.ttf in Resources */ = {isa = PBXBuildFile; fileRef = DB34D6321659D7C5626A3B3B /* Lato-RegIta.ttf */; };
		DB34DCB20D78FB7CFD49FD08 /* Cabin-SemiBold.ttf in Resources */ = {isa = PBXBuildFile; fileRef = DB34DC9AA4BD6F1E6DDD41B4 /* Cabin-SemiBold.ttf */; };
		DB34DD4071C66B66F8105526 /* Cabin-Italic.ttf in Resources */ = {isa = PBXBuildFile; fileRef = DB34D4A3828E12255F598190 /* Cabin-Italic.ttf */; };
		DB34DD75E34AC2B271C29807 /* LXPeripheral.m in Sources */ = {isa = PBXBuildFile; fileRef = DB34D946A03C4BB956210196 /* LXPeripheral.m */; };
		DB34DD7AE34759EEBCF509FF /* Lato-BlaIta.ttf in Resources */ = {isa = PBXBuildFile; fileRef = DB34D1ECDD6CC1B65132771F /* Lato-BlaIta.ttf */; };
		DB34DD908B40D40DEAA48ADC /* LXDiscoveryManager.m in Sources */ = {isa = PBXBuildFile; fileRef = DB34DA8A8868465DD0B7B280 /* LXDiscoveryManager.m */; };
		DB34DE2E6C2C948DB5FB08E8 /* LXPeripheralsFlowLayout.m in Sources */ = {isa = PBXBuildFile; fileRef = DB34DD87ED22EB5C752B8624 /* LXPeripheralsFlowLayout.m */; };
		DB34DE399C4839A1B30131ED /* Lato-HaiIta.ttf in Resources */ = {isa = PBXBuildFile; fileRef = DB34DBAD5AB6F21EC3557396 /* Lato-HaiIta.ttf */; };
		DB34DE7839033F28D4CA3FF8 /* LXPeripheralService.m in Sources */ = {isa = PBXBuildFile; fileRef = DB34D310535F4D17229CF90F /* LXPeripheralService.m */; };
		DB34DE8A7214A0BD851DB7CD /* LXLogger.m in Sources */ = {isa = PBXBuildFile; fileRef = DB34D7D26E14EB66DFDE23EF /* LXLogger.m */; };
		DB34DEE09551602F4321484C /* LXPeripheralsFlowLayout.m in Sources */ = {isa = PBXBuildFile; fileRef = DB34DD87ED22EB5C752B8624 /* LXPeripheralsFlowLayout.m */; };
		DB34DEF2C344446C6E2EFBA1 /* LXTableViewCell.m in Sources */ = {isa = PBXBuildFile; fileRef = DB34D45F8175FAFBB25309B4 /* LXTableViewCell.m */; };
		DB34DF2209F3E7A9D391D84D /* LXLogger.m in Sources */ = {isa = PBXBuildFile; fileRef = DB34D7D26E14EB66DFDE23EF /* LXLogger.m */; };
		DB34DF53F85A8E1DA4DEE6A7 /* LXPeripheralView.m in Sources */ = {isa = PBXBuildFile; fileRef = DB34DFC14AB290876A2970A8 /* LXPeripheralView.m */; };
		DB34DF555B61D61648B31044 /* Cabin-MediumItalic.ttf in Resources */ = {isa = PBXBuildFile; fileRef = DB34D23B3DB10F4765FF5BBE /* Cabin-MediumItalic.ttf */; };
		DB34DFA8FDFD16A29182BA53 /* Lobster.ttf in Resources */ = {isa = PBXBuildFile; fileRef = DB34DC7DF2AE2FA17721DD78 /* Lobster.ttf */; };
		DB34DFAC0018695C8F3B9A6C /* Lato-Reg.ttf in Resources */ = {isa = PBXBuildFile; fileRef = DB34D1D265BA56D328B49F32 /* Lato-Reg.ttf */; };
		DB34DFB13D9E4BD75D42F80C /* LXConstant.m in Sources */ = {isa = PBXBuildFile; fileRef = DB34DAAEC3C300D5115F9989 /* LXConstant.m */; };
		DB34DFC2C4592C6D93EBB405 /* Lato-Lig.ttf in Resources */ = {isa = PBXBuildFile; fileRef = DB34D4D069CDD408FAAC1FF9 /* Lato-Lig.ttf */; };
		EFB9FDDFD4954BC48ACD934B /* libPods.a in Frameworks */ = {isa = PBXBuildFile; fileRef = D61D8CF7BC254B979E11EEB0 /* libPods.a */; };
		FE58645F217449FEBC20077B /* libPods-ble-managerTests.a in Frameworks */ = {isa = PBXBuildFile; fileRef = 54A23930367C4625A6D0BFC7 /* libPods-ble-managerTests.a */; };
/* End PBXBuildFile section */

/* Begin PBXContainerItemProxy section */
		541E0C5918A6647E00825463 /* PBXContainerItemProxy */ = {
			isa = PBXContainerItemProxy;
			containerPortal = 541E0C2818A6647D00825463 /* Project object */;
			proxyType = 1;
			remoteGlobalIDString = 541E0C2F18A6647D00825463;
			remoteInfo = "ble-manager";
		};
/* End PBXContainerItemProxy section */

/* Begin PBXFileReference section */
		0CEA6051E412433B8CA7EF80 /* Pods-ble-managerTests.xcconfig */ = {isa = PBXFileReference; includeInIndex = 1; lastKnownFileType = text.xcconfig; name = "Pods-ble-managerTests.xcconfig"; path = "Pods/Pods-ble-managerTests.xcconfig"; sourceTree = "<group>"; };
		4F77B1F5148B4CB9A56C5598 /* Pods.xcconfig */ = {isa = PBXFileReference; includeInIndex = 1; lastKnownFileType = text.xcconfig; name = Pods.xcconfig; path = Pods/Pods.xcconfig; sourceTree = "<group>"; };
		541E0C3018A6647D00825463 /* ble-manager.app */ = {isa = PBXFileReference; explicitFileType = wrapper.application; includeInIndex = 0; path = "ble-manager.app"; sourceTree = BUILT_PRODUCTS_DIR; };
		541E0C3318A6647D00825463 /* Foundation.framework */ = {isa = PBXFileReference; lastKnownFileType = wrapper.framework; name = Foundation.framework; path = System/Library/Frameworks/Foundation.framework; sourceTree = SDKROOT; };
		541E0C3518A6647D00825463 /* CoreGraphics.framework */ = {isa = PBXFileReference; lastKnownFileType = wrapper.framework; name = CoreGraphics.framework; path = System/Library/Frameworks/CoreGraphics.framework; sourceTree = SDKROOT; };
		541E0C3718A6647D00825463 /* UIKit.framework */ = {isa = PBXFileReference; lastKnownFileType = wrapper.framework; name = UIKit.framework; path = System/Library/Frameworks/UIKit.framework; sourceTree = SDKROOT; };
		541E0C3B18A6647D00825463 /* ble-manager-Info.plist */ = {isa = PBXFileReference; lastKnownFileType = text.plist.xml; path = "ble-manager-Info.plist"; sourceTree = "<group>"; };
		541E0C3D18A6647D00825463 /* en */ = {isa = PBXFileReference; lastKnownFileType = text.plist.strings; name = en; path = en.lproj/InfoPlist.strings; sourceTree = "<group>"; };
		541E0C3F18A6647D00825463 /* main.m */ = {isa = PBXFileReference; lastKnownFileType = sourcecode.c.objc; path = main.m; sourceTree = "<group>"; };
		541E0C4118A6647D00825463 /* ble-manager-Prefix.pch */ = {isa = PBXFileReference; lastKnownFileType = sourcecode.c.h; path = "ble-manager-Prefix.pch"; sourceTree = "<group>"; };
		541E0C4218A6647D00825463 /* LXAppDelegate.h */ = {isa = PBXFileReference; lastKnownFileType = sourcecode.c.h; path = LXAppDelegate.h; sourceTree = "<group>"; };
		541E0C4318A6647D00825463 /* LXAppDelegate.m */ = {isa = PBXFileReference; lastKnownFileType = sourcecode.c.objc; path = LXAppDelegate.m; sourceTree = "<group>"; };
		541E0C4618A6647D00825463 /* Base */ = {isa = PBXFileReference; lastKnownFileType = file.storyboard; name = Base; path = Base.lproj/Main_iPhone.storyboard; sourceTree = "<group>"; };
		541E0C4918A6647D00825463 /* Base */ = {isa = PBXFileReference; lastKnownFileType = file.storyboard; name = Base; path = Base.lproj/Main_iPad.storyboard; sourceTree = "<group>"; };
		541E0C4E18A6647D00825463 /* Images.xcassets */ = {isa = PBXFileReference; lastKnownFileType = folder.assetcatalog; path = Images.xcassets; sourceTree = "<group>"; };
		541E0C5418A6647D00825463 /* ble-managerTests.xctest */ = {isa = PBXFileReference; explicitFileType = wrapper.cfbundle; includeInIndex = 0; path = "ble-managerTests.xctest"; sourceTree = BUILT_PRODUCTS_DIR; };
		541E0C5518A6647D00825463 /* XCTest.framework */ = {isa = PBXFileReference; lastKnownFileType = wrapper.framework; name = XCTest.framework; path = Library/Frameworks/XCTest.framework; sourceTree = DEVELOPER_DIR; };
		541E0C5D18A6647E00825463 /* ble-managerTests-Info.plist */ = {isa = PBXFileReference; lastKnownFileType = text.plist.xml; path = "ble-managerTests-Info.plist"; sourceTree = "<group>"; };
		541E0C5F18A6647E00825463 /* en */ = {isa = PBXFileReference; lastKnownFileType = text.plist.strings; name = en; path = en.lproj/InfoPlist.strings; sourceTree = "<group>"; };
		541E0C6118A6647E00825463 /* ble_managerTests.m */ = {isa = PBXFileReference; lastKnownFileType = sourcecode.c.objc; path = ble_managerTests.m; sourceTree = "<group>"; };
		5423D13D18A6658500297AC4 /* Crashlytics.framework */ = {isa = PBXFileReference; lastKnownFileType = wrapper.framework; name = Crashlytics.framework; path = Frameworks/Crashlytics.framework; sourceTree = "<group>"; };
		547DE4B818A788CA000EFAFD /* CoreBluetooth.framework */ = {isa = PBXFileReference; lastKnownFileType = wrapper.framework; name = CoreBluetooth.framework; path = System/Library/Frameworks/CoreBluetooth.framework; sourceTree = SDKROOT; };
		547DE4BA18A7A100000EFAFD /* LXPeripheralView.xib */ = {isa = PBXFileReference; fileEncoding = 4; lastKnownFileType = file.xib; path = LXPeripheralView.xib; sourceTree = "<group>"; };
		547DE4BC18A7B9E1000EFAFD /* QuartzCore.framework */ = {isa = PBXFileReference; lastKnownFileType = wrapper.framework; name = QuartzCore.framework; path = System/Library/Frameworks/QuartzCore.framework; sourceTree = SDKROOT; };
		547DE4BF18A7C482000EFAFD /* progress.png */ = {isa = PBXFileReference; lastKnownFileType = image.png; path = progress.png; sourceTree = "<group>"; };
		547DE4C018A7C482000EFAFD /* progress@2x.png */ = {isa = PBXFileReference; lastKnownFileType = image.png; path = "progress@2x.png"; sourceTree = "<group>"; };
		547DE4C118A7C482000EFAFD /* wave.png */ = {isa = PBXFileReference; lastKnownFileType = image.png; path = wave.png; sourceTree = "<group>"; };
		547DE4C218A7C482000EFAFD /* wave@2x.png */ = {isa = PBXFileReference; lastKnownFileType = image.png; path = "wave@2x.png"; sourceTree = "<group>"; };
		547DE4C918A85040000EFAFD /* Reveal.framework */ = {isa = PBXFileReference; lastKnownFileType = wrapper.framework; name = Reveal.framework; path = "../../../../../Applications/Reveal.app/Contents/SharedSupport/iOS-Libraries/Reveal.framework"; sourceTree = "<group>"; };
		54A23930367C4625A6D0BFC7 /* libPods-ble-managerTests.a */ = {isa = PBXFileReference; explicitFileType = archive.ar; includeInIndex = 0; path = "libPods-ble-managerTests.a"; sourceTree = BUILT_PRODUCTS_DIR; };
		D61D8CF7BC254B979E11EEB0 /* libPods.a */ = {isa = PBXFileReference; explicitFileType = archive.ar; includeInIndex = 0; path = libPods.a; sourceTree = BUILT_PRODUCTS_DIR; };
		DB34D070153E8FB10338D517 /* LXDiscoveryViewController.m */ = {isa = PBXFileReference; fileEncoding = 4; lastKnownFileType = sourcecode.c.objc; path = LXDiscoveryViewController.m; sourceTree = "<group>"; };
		DB34D07160DE3A54B1DFB61C /* LXPeripheralViewCell.h */ = {isa = PBXFileReference; fileEncoding = 4; lastKnownFileType = sourcecode.c.h; path = LXPeripheralViewCell.h; sourceTree = "<group>"; };
		DB34D0B0352F2F5821D17E30 /* LXLogger.h */ = {isa = PBXFileReference; fileEncoding = 4; lastKnownFileType = sourcecode.c.h; path = LXLogger.h; sourceTree = "<group>"; };
		DB34D0B6437882D38F4D2390 /* LXPeripheralViewCell.m */ = {isa = PBXFileReference; fileEncoding = 4; lastKnownFileType = sourcecode.c.objc; path = LXPeripheralViewCell.m; sourceTree = "<group>"; };
		DB34D0CD65F058709164A532 /* LXTableViewCell.h */ = {isa = PBXFileReference; fileEncoding = 4; lastKnownFileType = sourcecode.c.h; name = LXTableViewCell.h; path = "ble-manager/Views/LXTableViewCell.h"; sourceTree = SOURCE_ROOT; };
		DB34D170235208EE3A85D38A /* LXPeripheralServicesViewController.m */ = {isa = PBXFileReference; fileEncoding = 4; lastKnownFileType = sourcecode.c.objc; path = LXPeripheralServicesViewController.m; sourceTree = "<group>"; };
		DB34D1D265BA56D328B49F32 /* Lato-Reg.ttf */ = {isa = PBXFileReference; lastKnownFileType = file.ttf; path = "Lato-Reg.ttf"; sourceTree = "<group>"; };
		DB34D1D4941F31A4DC28B65D /* Lato-BolIta.ttf */ = {isa = PBXFileReference; lastKnownFileType = file.ttf; path = "Lato-BolIta.ttf"; sourceTree = "<group>"; };
		DB34D1ECDD6CC1B65132771F /* Lato-BlaIta.ttf */ = {isa = PBXFileReference; lastKnownFileType = file.ttf; path = "Lato-BlaIta.ttf"; sourceTree = "<group>"; };
		DB34D2192721EF56BEDD0FE3 /* Cabin-Regular.ttf */ = {isa = PBXFileReference; lastKnownFileType = file.ttf; path = "Cabin-Regular.ttf"; sourceTree = "<group>"; };
		DB34D22F2D379EE222DD0235 /* LXDiscoveryManager.h */ = {isa = PBXFileReference; fileEncoding = 4; lastKnownFileType = sourcecode.c.h; path = LXDiscoveryManager.h; sourceTree = "<group>"; };
		DB34D22F6ED68746D85B919B /* LXPeripheralDetailsViewController.m */ = {isa = PBXFileReference; fileEncoding = 4; lastKnownFileType = sourcecode.c.objc; path = LXPeripheralDetailsViewController.m; sourceTree = "<group>"; };
		DB34D23B3DB10F4765FF5BBE /* Cabin-MediumItalic.ttf */ = {isa = PBXFileReference; lastKnownFileType = file.ttf; path = "Cabin-MediumItalic.ttf"; sourceTree = "<group>"; };
		DB34D240F674A1868B1BC0B1 /* Cabin-SemiBoldItalic.ttf */ = {isa = PBXFileReference; lastKnownFileType = file.ttf; path = "Cabin-SemiBoldItalic.ttf"; sourceTree = "<group>"; };
		DB34D2CCDD80F4EBD33F8987 /* Cabin-BoldItalic.ttf */ = {isa = PBXFileReference; lastKnownFileType = file.ttf; path = "Cabin-BoldItalic.ttf"; sourceTree = "<group>"; };
		DB34D310535F4D17229CF90F /* LXPeripheralService.m */ = {isa = PBXFileReference; fileEncoding = 4; lastKnownFileType = sourcecode.c.objc; path = LXPeripheralService.m; sourceTree = "<group>"; };
		DB34D45F8175FAFBB25309B4 /* LXTableViewCell.m */ = {isa = PBXFileReference; fileEncoding = 4; lastKnownFileType = sourcecode.c.objc; name = LXTableViewCell.m; path = "ble-manager/Views/LXTableViewCell.m"; sourceTree = SOURCE_ROOT; };
		DB34D4A3828E12255F598190 /* Cabin-Italic.ttf */ = {isa = PBXFileReference; lastKnownFileType = file.ttf; path = "Cabin-Italic.ttf"; sourceTree = "<group>"; };
		DB34D4D069CDD408FAAC1FF9 /* Lato-Lig.ttf */ = {isa = PBXFileReference; lastKnownFileType = file.ttf; path = "Lato-Lig.ttf"; sourceTree = "<group>"; };
		DB34D4FD545AC9C8FC37A6E5 /* LXPeripheralService.h */ = {isa = PBXFileReference; fileEncoding = 4; lastKnownFileType = sourcecode.c.h; path = LXPeripheralService.h; sourceTree = "<group>"; };
		DB34D5253B2738FACA7DC3C7 /* UIColor+XBAdditions.h */ = {isa = PBXFileReference; fileEncoding = 4; lastKnownFileType = sourcecode.c.h; path = "UIColor+XBAdditions.h"; sourceTree = "<group>"; };
		DB34D55D1EDA704697EFFE3B /* LXPeripheralServiceTableViewCell.m */ = {isa = PBXFileReference; fileEncoding = 4; lastKnownFileType = sourcecode.c.objc; path = LXPeripheralServiceTableViewCell.m; sourceTree = "<group>"; };
		DB34D57156351E1515916F80 /* LXPeripheralsViewController.m */ = {isa = PBXFileReference; fileEncoding = 4; lastKnownFileType = sourcecode.c.objc; path = LXPeripheralsViewController.m; sourceTree = "<group>"; };
		DB34D6321659D7C5626A3B3B /* Lato-RegIta.ttf */ = {isa = PBXFileReference; lastKnownFileType = file.ttf; path = "Lato-RegIta.ttf"; sourceTree = "<group>"; };
		DB34D6A159A776983DD52A9E /* LXPeripheralDetailsViewController.h */ = {isa = PBXFileReference; fileEncoding = 4; lastKnownFileType = sourcecode.c.h; path = LXPeripheralDetailsViewController.h; sourceTree = "<group>"; };
		DB34D78ADC2B34CE133459CB /* Lato-Bol.ttf */ = {isa = PBXFileReference; lastKnownFileType = file.ttf; path = "Lato-Bol.ttf"; sourceTree = "<group>"; };
		DB34D7C6543C3F83457B0DB8 /* LXPeripheral.h */ = {isa = PBXFileReference; fileEncoding = 4; lastKnownFileType = sourcecode.c.h; path = LXPeripheral.h; sourceTree = "<group>"; };
		DB34D7D26E14EB66DFDE23EF /* LXLogger.m */ = {isa = PBXFileReference; fileEncoding = 4; lastKnownFileType = sourcecode.c.objc; path = LXLogger.m; sourceTree = "<group>"; };
		DB34D89A610061220467DDD0 /* LXPeripheralServiceTableViewCell.h */ = {isa = PBXFileReference; fileEncoding = 4; lastKnownFileType = sourcecode.c.h; path = LXPeripheralServiceTableViewCell.h; sourceTree = "<group>"; };
		DB34D946A03C4BB956210196 /* LXPeripheral.m */ = {isa = PBXFileReference; fileEncoding = 4; lastKnownFileType = sourcecode.c.objc; path = LXPeripheral.m; sourceTree = "<group>"; };
		DB34D9D907B789F618C4733E /* Lato-LigIta.ttf */ = {isa = PBXFileReference; lastKnownFileType = file.ttf; path = "Lato-LigIta.ttf"; sourceTree = "<group>"; };
		DB34DA0D5ECB5E3BDC0D83A0 /* Cabin-Bold.ttf */ = {isa = PBXFileReference; lastKnownFileType = file.ttf; path = "Cabin-Bold.ttf"; sourceTree = "<group>"; };
		DB34DA55525F229963A0D278 /* LXMacro.h */ = {isa = PBXFileReference; fileEncoding = 4; lastKnownFileType = sourcecode.c.h; path = LXMacro.h; sourceTree = "<group>"; };
		DB34DA8A8868465DD0B7B280 /* LXDiscoveryManager.m */ = {isa = PBXFileReference; fileEncoding = 4; lastKnownFileType = sourcecode.c.objc; path = LXDiscoveryManager.m; sourceTree = "<group>"; };
		DB34DA8FE87E102B88338E3B /* UIColor+XBAdditions.m */ = {isa = PBXFileReference; fileEncoding = 4; lastKnownFileType = sourcecode.c.objc; path = "UIColor+XBAdditions.m"; sourceTree = "<group>"; };
		DB34DAA7EB840C38DC960753 /* LXPeripheralHeaderViewController.m */ = {isa = PBXFileReference; fileEncoding = 4; lastKnownFileType = sourcecode.c.objc; path = LXPeripheralHeaderViewController.m; sourceTree = "<group>"; };
		DB34DAAEC3C300D5115F9989 /* LXConstant.m */ = {isa = PBXFileReference; fileEncoding = 4; lastKnownFileType = sourcecode.c.objc; path = LXConstant.m; sourceTree = "<group>"; };
		DB34DB23551545C524A2D7DD /* LXPeripheralHeaderViewController.h */ = {isa = PBXFileReference; fileEncoding = 4; lastKnownFileType = sourcecode.c.h; path = LXPeripheralHeaderViewController.h; sourceTree = "<group>"; };
		DB34DB497D65B3DEE63C5945 /* Lato-Bla.ttf */ = {isa = PBXFileReference; lastKnownFileType = file.ttf; path = "Lato-Bla.ttf"; sourceTree = "<group>"; };
		DB34DB82EBC071DEADF61413 /* Cabin-Medium.ttf */ = {isa = PBXFileReference; lastKnownFileType = file.ttf; path = "Cabin-Medium.ttf"; sourceTree = "<group>"; };
		DB34DBAD5AB6F21EC3557396 /* Lato-HaiIta.ttf */ = {isa = PBXFileReference; lastKnownFileType = file.ttf; path = "Lato-HaiIta.ttf"; sourceTree = "<group>"; };
		DB34DBAE1655D3A7FD0A300E /* Lato-Hai.ttf */ = {isa = PBXFileReference; lastKnownFileType = file.ttf; path = "Lato-Hai.ttf"; sourceTree = "<group>"; };
		DB34DBF3079AFD6B3338D37A /* LXPeripheralServicesViewController.h */ = {isa = PBXFileReference; fileEncoding = 4; lastKnownFileType = sourcecode.c.h; path = LXPeripheralServicesViewController.h; sourceTree = "<group>"; };
		DB34DC1BF3AC426BE98FEECA /* LXScanViewController.h */ = {isa = PBXFileReference; fileEncoding = 4; lastKnownFileType = sourcecode.c.h; path = LXScanViewController.h; sourceTree = "<group>"; };
		DB34DC64200F3138E1B0D329 /* LXConstant.h */ = {isa = PBXFileReference; fileEncoding = 4; lastKnownFileType = sourcecode.c.h; path = LXConstant.h; sourceTree = "<group>"; };
		DB34DC7DF2AE2FA17721DD78 /* Lobster.ttf */ = {isa = PBXFileReference; lastKnownFileType = file.ttf; path = Lobster.ttf; sourceTree = "<group>"; };
		DB34DC91D518080CBA763F2A /* LXPeripheralsViewController.h */ = {isa = PBXFileReference; fileEncoding = 4; lastKnownFileType = sourcecode.c.h; path = LXPeripheralsViewController.h; sourceTree = "<group>"; };
		DB34DC9AA4BD6F1E6DDD41B4 /* Cabin-SemiBold.ttf */ = {isa = PBXFileReference; lastKnownFileType = file.ttf; path = "Cabin-SemiBold.ttf"; sourceTree = "<group>"; };
		DB34DCBA2EB45AACE7C42965 /* services.json */ = {isa = PBXFileReference; lastKnownFileType = file.json; path = services.json; sourceTree = "<group>"; };
		DB34DCE90CE8E7A8D7DC45CB /* LXPeripheralView.h */ = {isa = PBXFileReference; fileEncoding = 4; lastKnownFileType = sourcecode.c.h; path = LXPeripheralView.h; sourceTree = "<group>"; };
		DB34DD8257EDAF8A25769638 /* LXHeightForRowCellDelegate.h */ = {isa = PBXFileReference; fileEncoding = 4; lastKnownFileType = sourcecode.c.h; name = LXHeightForRowCellDelegate.h; path = "ble-manager/Views/LXHeightForRowCellDelegate.h"; sourceTree = SOURCE_ROOT; };
		DB34DD87ED22EB5C752B8624 /* LXPeripheralsFlowLayout.m */ = {isa = PBXFileReference; fileEncoding = 4; lastKnownFileType = sourcecode.c.objc; path = LXPeripheralsFlowLayout.m; sourceTree = "<group>"; };
		DB34DED3BEA8C704B8BE1381 /* LXDiscoveryViewController.h */ = {isa = PBXFileReference; fileEncoding = 4; lastKnownFileType = sourcecode.c.h; path = LXDiscoveryViewController.h; sourceTree = "<group>"; };
		DB34DEFE42A72139E6315585 /* LXLogging.h */ = {isa = PBXFileReference; fileEncoding = 4; lastKnownFileType = sourcecode.c.h; path = LXLogging.h; sourceTree = "<group>"; };
		DB34DEFE7EFE6A928C137CCF /* LXScanViewController.m */ = {isa = PBXFileReference; fileEncoding = 4; lastKnownFileType = sourcecode.c.objc; path = LXScanViewController.m; sourceTree = "<group>"; };
		DB34DF3957D0CE265DB88B2C /* LXPeripheralsFlowLayout.h */ = {isa = PBXFileReference; fileEncoding = 4; lastKnownFileType = sourcecode.c.h; path = LXPeripheralsFlowLayout.h; sourceTree = "<group>"; };
		DB34DFC14AB290876A2970A8 /* LXPeripheralView.m */ = {isa = PBXFileReference; fileEncoding = 4; lastKnownFileType = sourcecode.c.objc; path = LXPeripheralView.m; sourceTree = "<group>"; };
/* End PBXFileReference section */

/* Begin PBXFrameworksBuildPhase section */
		541E0C2D18A6647D00825463 /* Frameworks */ = {
			isa = PBXFrameworksBuildPhase;
			buildActionMask = 2147483647;
			files = (
				547DE4BD18A7B9E1000EFAFD /* QuartzCore.framework in Frameworks */,
				547DE4B918A788CA000EFAFD /* CoreBluetooth.framework in Frameworks */,
				541E0C3618A6647D00825463 /* CoreGraphics.framework in Frameworks */,
				547DE4CA18A85040000EFAFD /* Reveal.framework in Frameworks */,
				5423D13E18A6658500297AC4 /* Crashlytics.framework in Frameworks */,
				541E0C3818A6647D00825463 /* UIKit.framework in Frameworks */,
				541E0C3418A6647D00825463 /* Foundation.framework in Frameworks */,
				EFB9FDDFD4954BC48ACD934B /* libPods.a in Frameworks */,
			);
			runOnlyForDeploymentPostprocessing = 0;
		};
		541E0C5118A6647D00825463 /* Frameworks */ = {
			isa = PBXFrameworksBuildPhase;
			buildActionMask = 2147483647;
			files = (
				541E0C5618A6647D00825463 /* XCTest.framework in Frameworks */,
				541E0C5818A6647E00825463 /* UIKit.framework in Frameworks */,
				541E0C5718A6647E00825463 /* Foundation.framework in Frameworks */,
				FE58645F217449FEBC20077B /* libPods-ble-managerTests.a in Frameworks */,
			);
			runOnlyForDeploymentPostprocessing = 0;
		};
/* End PBXFrameworksBuildPhase section */

/* Begin PBXGroup section */
		541E0C2718A6647D00825463 = {
			isa = PBXGroup;
			children = (
				541E0C3918A6647D00825463 /* ble-manager */,
				541E0C5B18A6647E00825463 /* ble-managerTests */,
				541E0C3218A6647D00825463 /* Frameworks */,
				541E0C3118A6647D00825463 /* Products */,
				4F77B1F5148B4CB9A56C5598 /* Pods.xcconfig */,
				0CEA6051E412433B8CA7EF80 /* Pods-ble-managerTests.xcconfig */,
			);
			sourceTree = "<group>";
		};
		541E0C3118A6647D00825463 /* Products */ = {
			isa = PBXGroup;
			children = (
				541E0C3018A6647D00825463 /* ble-manager.app */,
				541E0C5418A6647D00825463 /* ble-managerTests.xctest */,
			);
			name = Products;
			sourceTree = "<group>";
		};
		541E0C3218A6647D00825463 /* Frameworks */ = {
			isa = PBXGroup;
			children = (
				547DE4C918A85040000EFAFD /* Reveal.framework */,
				547DE4BC18A7B9E1000EFAFD /* QuartzCore.framework */,
				547DE4B818A788CA000EFAFD /* CoreBluetooth.framework */,
				5423D13D18A6658500297AC4 /* Crashlytics.framework */,
				541E0C3318A6647D00825463 /* Foundation.framework */,
				541E0C3518A6647D00825463 /* CoreGraphics.framework */,
				541E0C3718A6647D00825463 /* UIKit.framework */,
				541E0C5518A6647D00825463 /* XCTest.framework */,
				D61D8CF7BC254B979E11EEB0 /* libPods.a */,
				54A23930367C4625A6D0BFC7 /* libPods-ble-managerTests.a */,
			);
			name = Frameworks;
			sourceTree = "<group>";
		};
		541E0C3918A6647D00825463 /* ble-manager */ = {
			isa = PBXGroup;
			children = (
				DB34D9602B015D662E7B10D9 /* Categories */,
				DB34D6A97D80346594536CA7 /* Models */,
				DB34DE1D7F227A6566DD0C1C /* Views */,
				DB34D262414CFFA1E28BAE9E /* ViewControllers */,
				547DE49218A6A019000EFAFD /* Resources */,
				541E0C3A18A6647D00825463 /* Supporting Files */,
				541E0C4E18A6647D00825463 /* Images.xcassets */,
				541E0C4218A6647D00825463 /* LXAppDelegate.h */,
				541E0C4318A6647D00825463 /* LXAppDelegate.m */,
				DB34DA55525F229963A0D278 /* LXMacro.h */,
				DB34D7D26E14EB66DFDE23EF /* LXLogger.m */,
				DB34DEFE42A72139E6315585 /* LXLogging.h */,
				DB34D0B0352F2F5821D17E30 /* LXLogger.h */,
				DB34DC64200F3138E1B0D329 /* LXConstant.h */,
				541E0C4818A6647D00825463 /* Main_iPad.storyboard */,
				541E0C4518A6647D00825463 /* Main_iPhone.storyboard */,
				DB34DAAEC3C300D5115F9989 /* LXConstant.m */,
				DB34DBA6EDA91DADD343F12A /* Services */,
			);
			path = "ble-manager";
			sourceTree = "<group>";
		};
		541E0C3A18A6647D00825463 /* Supporting Files */ = {
			isa = PBXGroup;
			children = (
				541E0C3B18A6647D00825463 /* ble-manager-Info.plist */,
				541E0C3C18A6647D00825463 /* InfoPlist.strings */,
				541E0C3F18A6647D00825463 /* main.m */,
				541E0C4118A6647D00825463 /* ble-manager-Prefix.pch */,
			);
			name = "Supporting Files";
			sourceTree = "<group>";
		};
		541E0C5B18A6647E00825463 /* ble-managerTests */ = {
			isa = PBXGroup;
			children = (
				541E0C6118A6647E00825463 /* ble_managerTests.m */,
				541E0C5C18A6647E00825463 /* Supporting Files */,
			);
			path = "ble-managerTests";
			sourceTree = "<group>";
		};
		541E0C5C18A6647E00825463 /* Supporting Files */ = {
			isa = PBXGroup;
			children = (
				541E0C5D18A6647E00825463 /* ble-managerTests-Info.plist */,
				541E0C5E18A6647E00825463 /* InfoPlist.strings */,
			);
			name = "Supporting Files";
			sourceTree = "<group>";
		};
		547DE49218A6A019000EFAFD /* Resources */ = {
			isa = PBXGroup;
			children = (
				547DE4BE18A7C482000EFAFD /* Graphics */,
				DB34D196FC65CD3A75BDA51A /* Fonts */,
				DB34D3C365613208195000C2 /* Data */,
			);
			path = Resources;
			sourceTree = "<group>";
		};
		547DE4BE18A7C482000EFAFD /* Graphics */ = {
			isa = PBXGroup;
			children = (
				547DE4BF18A7C482000EFAFD /* progress.png */,
				547DE4C018A7C482000EFAFD /* progress@2x.png */,
				547DE4C118A7C482000EFAFD /* wave.png */,
				547DE4C218A7C482000EFAFD /* wave@2x.png */,
			);
			path = Graphics;
			sourceTree = "<group>";
		};
		DB34D196FC65CD3A75BDA51A /* Fonts */ = {
			isa = PBXGroup;
			children = (
				DB34DC7DF2AE2FA17721DD78 /* Lobster.ttf */,
				DB34DB497D65B3DEE63C5945 /* Lato-Bla.ttf */,
				DB34D78ADC2B34CE133459CB /* Lato-Bol.ttf */,
				DB34DBAE1655D3A7FD0A300E /* Lato-Hai.ttf */,
				DB34D4D069CDD408FAAC1FF9 /* Lato-Lig.ttf */,
				DB34D1D265BA56D328B49F32 /* Lato-Reg.ttf */,
				DB34DA0D5ECB5E3BDC0D83A0 /* Cabin-Bold.ttf */,
				DB34D1ECDD6CC1B65132771F /* Lato-BlaIta.ttf */,
				DB34D1D4941F31A4DC28B65D /* Lato-BolIta.ttf */,
				DB34DBAD5AB6F21EC3557396 /* Lato-HaiIta.ttf */,
				DB34D9D907B789F618C4733E /* Lato-LigIta.ttf */,
				DB34D6321659D7C5626A3B3B /* Lato-RegIta.ttf */,
				DB34D4A3828E12255F598190 /* Cabin-Italic.ttf */,
				DB34DB82EBC071DEADF61413 /* Cabin-Medium.ttf */,
				DB34D2192721EF56BEDD0FE3 /* Cabin-Regular.ttf */,
				DB34DC9AA4BD6F1E6DDD41B4 /* Cabin-SemiBold.ttf */,
				DB34D2CCDD80F4EBD33F8987 /* Cabin-BoldItalic.ttf */,
				DB34D23B3DB10F4765FF5BBE /* Cabin-MediumItalic.ttf */,
				DB34D240F674A1868B1BC0B1 /* Cabin-SemiBoldItalic.ttf */,
			);
			path = Fonts;
			sourceTree = "<group>";
		};
		DB34D262414CFFA1E28BAE9E /* ViewControllers */ = {
			isa = PBXGroup;
			children = (
				DB34D070153E8FB10338D517 /* LXDiscoveryViewController.m */,
				DB34DED3BEA8C704B8BE1381 /* LXDiscoveryViewController.h */,
				DB34DEFE7EFE6A928C137CCF /* LXScanViewController.m */,
				DB34DC1BF3AC426BE98FEECA /* LXScanViewController.h */,
				DB34D57156351E1515916F80 /* LXPeripheralsViewController.m */,
				DB34DC91D518080CBA763F2A /* LXPeripheralsViewController.h */,
				DB34DD87ED22EB5C752B8624 /* LXPeripheralsFlowLayout.m */,
				DB34DF3957D0CE265DB88B2C /* LXPeripheralsFlowLayout.h */,
				DB34D22F6ED68746D85B919B /* LXPeripheralDetailsViewController.m */,
				DB34D6A159A776983DD52A9E /* LXPeripheralDetailsViewController.h */,
				DB34DAA7EB840C38DC960753 /* LXPeripheralHeaderViewController.m */,
				DB34DB23551545C524A2D7DD /* LXPeripheralHeaderViewController.h */,
				DB34D170235208EE3A85D38A /* LXPeripheralServicesViewController.m */,
				DB34DBF3079AFD6B3338D37A /* LXPeripheralServicesViewController.h */,
			);
			path = ViewControllers;
			sourceTree = "<group>";
		};
		DB34D3C365613208195000C2 /* Data */ = {
			isa = PBXGroup;
			children = (
				DB34DCBA2EB45AACE7C42965 /* services.json */,
			);
			path = Data;
			sourceTree = "<group>";
		};
		DB34D4337776B275B8D1FB09 /* Cells */ = {
			isa = PBXGroup;
			children = (
				DB34D55D1EDA704697EFFE3B /* LXPeripheralServiceTableViewCell.m */,
				DB34D89A610061220467DDD0 /* LXPeripheralServiceTableViewCell.h */,
				DB34DD8257EDAF8A25769638 /* LXHeightForRowCellDelegate.h */,
				DB34D0CD65F058709164A532 /* LXTableViewCell.h */,
				DB34D45F8175FAFBB25309B4 /* LXTableViewCell.m */,
			);
			path = Cells;
			sourceTree = "<group>";
		};
		DB34D6A97D80346594536CA7 /* Models */ = {
			isa = PBXGroup;
			children = (
				DB34D946A03C4BB956210196 /* LXPeripheral.m */,
				DB34D7C6543C3F83457B0DB8 /* LXPeripheral.h */,
				DB34D310535F4D17229CF90F /* LXPeripheralService.m */,
				DB34D4FD545AC9C8FC37A6E5 /* LXPeripheralService.h */,
			);
			path = Models;
			sourceTree = "<group>";
		};
		DB34D9602B015D662E7B10D9 /* Categories */ = {
			isa = PBXGroup;
			children = (
				DB34D5253B2738FACA7DC3C7 /* UIColor+XBAdditions.h */,
				DB34DA8FE87E102B88338E3B /* UIColor+XBAdditions.m */,
			);
			path = Categories;
			sourceTree = SOURCE_ROOT;
		};
		DB34DBA6EDA91DADD343F12A /* Services */ = {
			isa = PBXGroup;
			children = (
				DB34D22F2D379EE222DD0235 /* LXDiscoveryManager.h */,
				DB34DA8A8868465DD0B7B280 /* LXDiscoveryManager.m */,
			);
			path = Services;
			sourceTree = "<group>";
		};
		DB34DE1D7F227A6566DD0C1C /* Views */ = {
			isa = PBXGroup;
			children = (
				547DE4BA18A7A100000EFAFD /* LXPeripheralView.xib */,
				DB34DFC14AB290876A2970A8 /* LXPeripheralView.m */,
				DB34DCE90CE8E7A8D7DC45CB /* LXPeripheralView.h */,
				DB34D0B6437882D38F4D2390 /* LXPeripheralViewCell.m */,
				DB34D07160DE3A54B1DFB61C /* LXPeripheralViewCell.h */,
				DB34D4337776B275B8D1FB09 /* Cells */,
			);
			path = Views;
			sourceTree = "<group>";
		};
/* End PBXGroup section */

/* Begin PBXNativeTarget section */
		541E0C2F18A6647D00825463 /* ble-manager */ = {
			isa = PBXNativeTarget;
			buildConfigurationList = 541E0C6518A6647E00825463 /* Build configuration list for PBXNativeTarget "ble-manager" */;
			buildPhases = (
				C65F39BBC3E1455E8881E193 /* Check Pods Manifest.lock */,
				541E0C2C18A6647D00825463 /* Sources */,
				541E0C2D18A6647D00825463 /* Frameworks */,
				541E0C2E18A6647D00825463 /* Resources */,
				7382CE47FE5B4A88A50BF2BA /* Copy Pods Resources */,
				5423D13C18A6654800297AC4 /* ShellScript */,
			);
			buildRules = (
			);
			dependencies = (
			);
			name = "ble-manager";
			productName = "ble-manager";
			productReference = 541E0C3018A6647D00825463 /* ble-manager.app */;
			productType = "com.apple.product-type.application";
		};
		541E0C5318A6647D00825463 /* ble-managerTests */ = {
			isa = PBXNativeTarget;
			buildConfigurationList = 541E0C6818A6647E00825463 /* Build configuration list for PBXNativeTarget "ble-managerTests" */;
			buildPhases = (
				28FE1823603049E78E103106 /* Check Pods Manifest.lock */,
				541E0C5018A6647D00825463 /* Sources */,
				541E0C5118A6647D00825463 /* Frameworks */,
				541E0C5218A6647D00825463 /* Resources */,
				0C24BD4E0279450F9D8CCD59 /* Copy Pods Resources */,
			);
			buildRules = (
			);
			dependencies = (
				541E0C5A18A6647E00825463 /* PBXTargetDependency */,
			);
			name = "ble-managerTests";
			productName = "ble-managerTests";
			productReference = 541E0C5418A6647D00825463 /* ble-managerTests.xctest */;
			productType = "com.apple.product-type.bundle.unit-test";
		};
/* End PBXNativeTarget section */

/* Begin PBXProject section */
		541E0C2818A6647D00825463 /* Project object */ = {
			isa = PBXProject;
			attributes = {
				CLASSPREFIX = LX;
				LastUpgradeCheck = 0500;
				ORGANIZATIONNAME = "Alexis Kinsella";
				TargetAttributes = {
					541E0C5318A6647D00825463 = {
						TestTargetID = 541E0C2F18A6647D00825463;
					};
				};
			};
			buildConfigurationList = 541E0C2B18A6647D00825463 /* Build configuration list for PBXProject "ble-manager" */;
			compatibilityVersion = "Xcode 3.2";
			developmentRegion = English;
			hasScannedForEncodings = 0;
			knownRegions = (
				en,
				Base,
			);
			mainGroup = 541E0C2718A6647D00825463;
			productRefGroup = 541E0C3118A6647D00825463 /* Products */;
			projectDirPath = "";
			projectRoot = "";
			targets = (
				541E0C2F18A6647D00825463 /* ble-manager */,
				541E0C5318A6647D00825463 /* ble-managerTests */,
			);
		};
/* End PBXProject section */

/* Begin PBXResourcesBuildPhase section */
		541E0C2E18A6647D00825463 /* Resources */ = {
			isa = PBXResourcesBuildPhase;
			buildActionMask = 2147483647;
			files = (
				541E0C4A18A6647D00825463 /* Main_iPad.storyboard in Resources */,
				547DE4C418A7C482000EFAFD /* progress@2x.png in Resources */,
				541E0C4F18A6647D00825463 /* Images.xcassets in Resources */,
				547DE4BB18A7A100000EFAFD /* LXPeripheralView.xib in Resources */,
				547DE4C318A7C482000EFAFD /* progress.png in Resources */,
				547DE4C518A7C482000EFAFD /* wave.png in Resources */,
				547DE4C618A7C482000EFAFD /* wave@2x.png in Resources */,
				541E0C4718A6647D00825463 /* Main_iPhone.storyboard in Resources */,
				541E0C3E18A6647D00825463 /* InfoPlist.strings in Resources */,
				DB34DFA8FDFD16A29182BA53 /* Lobster.ttf in Resources */,
				DB34D8F776A8D0938B4FB3CB /* Lato-Bla.ttf in Resources */,
				DB34D414B52329EC12A4AB89 /* Lato-Bol.ttf in Resources */,
				DB34D460865F2F464DAB9204 /* Lato-Hai.ttf in Resources */,
				DB34DFC2C4592C6D93EBB405 /* Lato-Lig.ttf in Resources */,
				DB34DFAC0018695C8F3B9A6C /* Lato-Reg.ttf in Resources */,
				DB34D73FB6F265F8908553C3 /* Cabin-Bold.ttf in Resources */,
				DB34DD7AE34759EEBCF509FF /* Lato-BlaIta.ttf in Resources */,
				DB34D315DE174A76C7B9F1E2 /* Lato-BolIta.ttf in Resources */,
				DB34D2D4A96998D091AF6350 /* Lato-HaiIta.ttf in Resources */,
				DB34D81C8BC1F75A6DAA86B8 /* Lato-LigIta.ttf in Resources */,
				DB34DBEE08B04B8874860E0A /* Lato-RegIta.ttf in Resources */,
				DB34DD4071C66B66F8105526 /* Cabin-Italic.ttf in Resources */,
				DB34DA2C2F41164003E562BC /* Cabin-Medium.ttf in Resources */,
				DB34D10F760F11C9D32D64D1 /* Cabin-Regular.ttf in Resources */,
				DB34D446D26EA98FAD746217 /* Cabin-SemiBold.ttf in Resources */,
				DB34D5C330094CA668155E68 /* Cabin-BoldItalic.ttf in Resources */,
				DB34DF555B61D61648B31044 /* Cabin-MediumItalic.ttf in Resources */,
				DB34D546E488147A4A5B4269 /* Cabin-SemiBoldItalic.ttf in Resources */,
				DB34D97D33009FB033A656D0 /* services.json in Resources */,
			);
			runOnlyForDeploymentPostprocessing = 0;
		};
		541E0C5218A6647D00825463 /* Resources */ = {
			isa = PBXResourcesBuildPhase;
			buildActionMask = 2147483647;
			files = (
				541E0C6018A6647E00825463 /* InfoPlist.strings in Resources */,
				DB34DB6084059D008B847A20 /* Lobster.ttf in Resources */,
				DB34D23F148B10EABC80240A /* Lato-Bla.ttf in Resources */,
				DB34D1EF91F8120F8285D6BA /* Lato-Bol.ttf in Resources */,
				DB34D6F75F670CEF1E1FD522 /* Lato-Hai.ttf in Resources */,
				DB34D1C70AC3BC53FE4A40CF /* Lato-Lig.ttf in Resources */,
				DB34D87967D4FE5447A9111C /* Lato-Reg.ttf in Resources */,
				DB34D298691689BCB7264203 /* Cabin-Bold.ttf in Resources */,
				DB34D8827CB9F476EC763243 /* Lato-BlaIta.ttf in Resources */,
				DB34D956CC39A67AF68CD332 /* Lato-BolIta.ttf in Resources */,
				DB34DE399C4839A1B30131ED /* Lato-HaiIta.ttf in Resources */,
				DB34D36DA7EA96C9FB4D0F9B /* Lato-LigIta.ttf in Resources */,
				DB34D7CD9056AAD99CEC25C8 /* Lato-RegIta.ttf in Resources */,
				DB34D0EF87A5A2EEA318E16E /* Cabin-Italic.ttf in Resources */,
				DB34D477E8AD753BA47A23A7 /* Cabin-Medium.ttf in Resources */,
				DB34D820BD9F3774375008AA /* Cabin-Regular.ttf in Resources */,
				DB34DCB20D78FB7CFD49FD08 /* Cabin-SemiBold.ttf in Resources */,
				DB34DBACBA0F584997C024F1 /* Cabin-BoldItalic.ttf in Resources */,
				DB34D3ADB5B38DE3F2A72814 /* Cabin-MediumItalic.ttf in Resources */,
				DB34D4CBC56D0A32FF75BCD4 /* Cabin-SemiBoldItalic.ttf in Resources */,
				DB34D9D5C239DFE5093EAB0D /* services.json in Resources */,
			);
			runOnlyForDeploymentPostprocessing = 0;
		};
/* End PBXResourcesBuildPhase section */

/* Begin PBXShellScriptBuildPhase section */
		0C24BD4E0279450F9D8CCD59 /* Copy Pods Resources */ = {
			isa = PBXShellScriptBuildPhase;
			buildActionMask = 2147483647;
			files = (
			);
			inputPaths = (
			);
			name = "Copy Pods Resources";
			outputPaths = (
			);
			runOnlyForDeploymentPostprocessing = 0;
			shellPath = /bin/sh;
			shellScript = "\"${SRCROOT}/Pods/Pods-ble-managerTests-resources.sh\"\n";
			showEnvVarsInLog = 0;
		};
		28FE1823603049E78E103106 /* Check Pods Manifest.lock */ = {
			isa = PBXShellScriptBuildPhase;
			buildActionMask = 2147483647;
			files = (
			);
			inputPaths = (
			);
			name = "Check Pods Manifest.lock";
			outputPaths = (
			);
			runOnlyForDeploymentPostprocessing = 0;
			shellPath = /bin/sh;
			shellScript = "diff \"${PODS_ROOT}/../Podfile.lock\" \"${PODS_ROOT}/Manifest.lock\" > /dev/null\nif [[ $? != 0 ]] ; then\n    cat << EOM\nerror: The sandbox is not in sync with the Podfile.lock. Run 'pod install' or update your CocoaPods installation.\nEOM\n    exit 1\nfi\n";
			showEnvVarsInLog = 0;
		};
		5423D13C18A6654800297AC4 /* ShellScript */ = {
			isa = PBXShellScriptBuildPhase;
			buildActionMask = 2147483647;
			files = (
			);
			inputPaths = (
			);
			outputPaths = (
			);
			runOnlyForDeploymentPostprocessing = 0;
			shellPath = /bin/sh;
			shellScript = "./Crashlytics.framework/run 48e99a586053e4194936d79b6126ad23e9de4cc7 df001d25f888a326dd6732d40433c1d23dce0058f0cf30bce17f786977783353";
		};
		7382CE47FE5B4A88A50BF2BA /* Copy Pods Resources */ = {
			isa = PBXShellScriptBuildPhase;
			buildActionMask = 2147483647;
			files = (
			);
			inputPaths = (
			);
			name = "Copy Pods Resources";
			outputPaths = (
			);
			runOnlyForDeploymentPostprocessing = 0;
			shellPath = /bin/sh;
			shellScript = "\"${SRCROOT}/Pods/Pods-resources.sh\"\n";
			showEnvVarsInLog = 0;
		};
		C65F39BBC3E1455E8881E193 /* Check Pods Manifest.lock */ = {
			isa = PBXShellScriptBuildPhase;
			buildActionMask = 2147483647;
			files = (
			);
			inputPaths = (
			);
			name = "Check Pods Manifest.lock";
			outputPaths = (
			);
			runOnlyForDeploymentPostprocessing = 0;
			shellPath = /bin/sh;
			shellScript = "diff \"${PODS_ROOT}/../Podfile.lock\" \"${PODS_ROOT}/Manifest.lock\" > /dev/null\nif [[ $? != 0 ]] ; then\n    cat << EOM\nerror: The sandbox is not in sync with the Podfile.lock. Run 'pod install' or update your CocoaPods installation.\nEOM\n    exit 1\nfi\n";
			showEnvVarsInLog = 0;
		};
/* End PBXShellScriptBuildPhase section */

/* Begin PBXSourcesBuildPhase section */
		541E0C2C18A6647D00825463 /* Sources */ = {
			isa = PBXSourcesBuildPhase;
			buildActionMask = 2147483647;
			files = (
				541E0C4418A6647D00825463 /* LXAppDelegate.m in Sources */,
				541E0C4018A6647D00825463 /* main.m in Sources */,
				DB34D135F7ADDA7147D1C3AE /* LXDiscoveryViewController.m in Sources */,
				DB34DF2209F3E7A9D391D84D /* LXLogger.m in Sources */,
				DB34D750F232BBA506A75657 /* UIColor+XBAdditions.m in Sources */,
				DB34D3F4EE5438BE4A65C18E /* LXPeripheral.m in Sources */,
				DB34DF53F85A8E1DA4DEE6A7 /* LXPeripheralView.m in Sources */,
				DB34D676562D6C922B3D6184 /* LXPeripheralViewCell.m in Sources */,
				DB34D6BBD5476816A202859C /* LXScanViewController.m in Sources */,
				DB34DA83476CE5E6F0C282AF /* LXPeripheralsViewController.m in Sources */,
				DB34DFB13D9E4BD75D42F80C /* LXConstant.m in Sources */,
				DB34D248D76225A8C751CFDC /* LXDiscoveryManager.m in Sources */,
				DB34DEE09551602F4321484C /* LXPeripheralsFlowLayout.m in Sources */,
				DB34DBDE0B54388B224FC1AA /* LXPeripheralDetailsViewController.m in Sources */,
				DB34D02C5E0ADE6CF99F4DA8 /* LXPeripheralHeaderViewController.m in Sources */,
				DB34D68B29CB7FBF9EECF2EF /* LXPeripheralServiceTableViewCell.m in Sources */,
				DB34DEF2C344446C6E2EFBA1 /* LXTableViewCell.m in Sources */,
				DB34D885D95B1BFB604F0657 /* LXPeripheralServicesViewController.m in Sources */,
				DB34D3EEEAE306DEF592854D /* LXPeripheralService.m in Sources */,
			);
			runOnlyForDeploymentPostprocessing = 0;
		};
		541E0C5018A6647D00825463 /* Sources */ = {
			isa = PBXSourcesBuildPhase;
			buildActionMask = 2147483647;
			files = (
				541E0C6218A6647E00825463 /* ble_managerTests.m in Sources */,
				DB34DE8A7214A0BD851DB7CD /* LXLogger.m in Sources */,
				DB34D352DF5DA577FB0492E8 /* UIColor+XBAdditions.m in Sources */,
				DB34DD75E34AC2B271C29807 /* LXPeripheral.m in Sources */,
				DB34D9018A04C9DA9DF73D48 /* LXPeripheralView.m in Sources */,
				DB34D8C78CFA5BFB55913049 /* LXPeripheralViewCell.m in Sources */,
				DB34D1963E0B800A8D9172B3 /* LXScanViewController.m in Sources */,
				DB34D0170A9B5A104D2F7381 /* LXPeripheralsViewController.m in Sources */,
				DB34D457D33FA4B67CE3F639 /* LXConstant.m in Sources */,
				DB34DD908B40D40DEAA48ADC /* LXDiscoveryManager.m in Sources */,
				DB34DE2E6C2C948DB5FB08E8 /* LXPeripheralsFlowLayout.m in Sources */,
				DB34D026FD760623454B6C9B /* LXPeripheralDetailsViewController.m in Sources */,
				DB34D1689DAF2C77E773C4E1 /* LXPeripheralHeaderViewController.m in Sources */,
				DB34D46E91DF175CDF0A2B80 /* LXPeripheralServiceTableViewCell.m in Sources */,
				DB34D8C9A77F9016DE3989F9 /* LXTableViewCell.m in Sources */,
				DB34D73A4B3A90C4662647C1 /* LXPeripheralServicesViewController.m in Sources */,
				DB34DE7839033F28D4CA3FF8 /* LXPeripheralService.m in Sources */,
			);
			runOnlyForDeploymentPostprocessing = 0;
		};
/* End PBXSourcesBuildPhase section */

/* Begin PBXTargetDependency section */
		541E0C5A18A6647E00825463 /* PBXTargetDependency */ = {
			isa = PBXTargetDependency;
			target = 541E0C2F18A6647D00825463 /* ble-manager */;
			targetProxy = 541E0C5918A6647E00825463 /* PBXContainerItemProxy */;
		};
/* End PBXTargetDependency section */

/* Begin PBXVariantGroup section */
		541E0C3C18A6647D00825463 /* InfoPlist.strings */ = {
			isa = PBXVariantGroup;
			children = (
				541E0C3D18A6647D00825463 /* en */,
			);
			name = InfoPlist.strings;
			sourceTree = "<group>";
		};
		541E0C4518A6647D00825463 /* Main_iPhone.storyboard */ = {
			isa = PBXVariantGroup;
			children = (
				541E0C4618A6647D00825463 /* Base */,
			);
			name = Main_iPhone.storyboard;
			sourceTree = "<group>";
		};
		541E0C4818A6647D00825463 /* Main_iPad.storyboard */ = {
			isa = PBXVariantGroup;
			children = (
				541E0C4918A6647D00825463 /* Base */,
			);
			name = Main_iPad.storyboard;
			sourceTree = "<group>";
		};
		541E0C5E18A6647E00825463 /* InfoPlist.strings */ = {
			isa = PBXVariantGroup;
			children = (
				541E0C5F18A6647E00825463 /* en */,
			);
			name = InfoPlist.strings;
			sourceTree = "<group>";
		};
/* End PBXVariantGroup section */

/* Begin XCBuildConfiguration section */
		541E0C6318A6647E00825463 /* Debug */ = {
			isa = XCBuildConfiguration;
			buildSettings = {
				ALWAYS_SEARCH_USER_PATHS = NO;
				ARCHS = "$(ARCHS_STANDARD_INCLUDING_64_BIT)";
				CLANG_CXX_LANGUAGE_STANDARD = "gnu++0x";
				CLANG_CXX_LIBRARY = "libc++";
				CLANG_ENABLE_MODULES = YES;
				CLANG_ENABLE_OBJC_ARC = YES;
				CLANG_WARN_BOOL_CONVERSION = YES;
				CLANG_WARN_CONSTANT_CONVERSION = YES;
				CLANG_WARN_DIRECT_OBJC_ISA_USAGE = YES_ERROR;
				CLANG_WARN_EMPTY_BODY = YES;
				CLANG_WARN_ENUM_CONVERSION = YES;
				CLANG_WARN_INT_CONVERSION = YES;
				CLANG_WARN_OBJC_ROOT_CLASS = YES_ERROR;
				CLANG_WARN__DUPLICATE_METHOD_MATCH = YES;
				"CODE_SIGN_IDENTITY[sdk=iphoneos*]" = "iPhone Developer";
				COPY_PHASE_STRIP = NO;
				GCC_C_LANGUAGE_STANDARD = gnu99;
				GCC_DYNAMIC_NO_PIC = NO;
				GCC_OPTIMIZATION_LEVEL = 0;
				GCC_PREPROCESSOR_DEFINITIONS = (
					"DEBUG=1",
					"$(inherited)",
				);
				GCC_SYMBOLS_PRIVATE_EXTERN = NO;
				GCC_WARN_64_TO_32_BIT_CONVERSION = YES;
				GCC_WARN_ABOUT_RETURN_TYPE = YES_ERROR;
				GCC_WARN_UNDECLARED_SELECTOR = YES;
				GCC_WARN_UNINITIALIZED_AUTOS = YES;
				GCC_WARN_UNUSED_FUNCTION = YES;
				GCC_WARN_UNUSED_VARIABLE = YES;
				IPHONEOS_DEPLOYMENT_TARGET = 7.0;
				ONLY_ACTIVE_ARCH = YES;
				SDKROOT = iphoneos;
				TARGETED_DEVICE_FAMILY = "1,2";
			};
			name = Debug;
		};
		541E0C6418A6647E00825463 /* Release */ = {
			isa = XCBuildConfiguration;
			buildSettings = {
				ALWAYS_SEARCH_USER_PATHS = NO;
				ARCHS = "$(ARCHS_STANDARD_INCLUDING_64_BIT)";
				CLANG_CXX_LANGUAGE_STANDARD = "gnu++0x";
				CLANG_CXX_LIBRARY = "libc++";
				CLANG_ENABLE_MODULES = YES;
				CLANG_ENABLE_OBJC_ARC = YES;
				CLANG_WARN_BOOL_CONVERSION = YES;
				CLANG_WARN_CONSTANT_CONVERSION = YES;
				CLANG_WARN_DIRECT_OBJC_ISA_USAGE = YES_ERROR;
				CLANG_WARN_EMPTY_BODY = YES;
				CLANG_WARN_ENUM_CONVERSION = YES;
				CLANG_WARN_INT_CONVERSION = YES;
				CLANG_WARN_OBJC_ROOT_CLASS = YES_ERROR;
				CLANG_WARN__DUPLICATE_METHOD_MATCH = YES;
				"CODE_SIGN_IDENTITY[sdk=iphoneos*]" = "iPhone Developer";
				COPY_PHASE_STRIP = YES;
				ENABLE_NS_ASSERTIONS = NO;
				GCC_C_LANGUAGE_STANDARD = gnu99;
				GCC_WARN_64_TO_32_BIT_CONVERSION = YES;
				GCC_WARN_ABOUT_RETURN_TYPE = YES_ERROR;
				GCC_WARN_UNDECLARED_SELECTOR = YES;
				GCC_WARN_UNINITIALIZED_AUTOS = YES;
				GCC_WARN_UNUSED_FUNCTION = YES;
				GCC_WARN_UNUSED_VARIABLE = YES;
				IPHONEOS_DEPLOYMENT_TARGET = 7.0;
				SDKROOT = iphoneos;
				TARGETED_DEVICE_FAMILY = "1,2";
				VALIDATE_PRODUCT = YES;
			};
			name = Release;
		};
		541E0C6618A6647E00825463 /* Debug */ = {
			isa = XCBuildConfiguration;
			baseConfigurationReference = 4F77B1F5148B4CB9A56C5598 /* Pods.xcconfig */;
			buildSettings = {
				ASSETCATALOG_COMPILER_APPICON_NAME = AppIcon;
				ASSETCATALOG_COMPILER_LAUNCHIMAGE_NAME = LaunchImage;
				FRAMEWORK_SEARCH_PATHS = (
					"$(inherited)",
					"/Users/akinsella/Workspace/Projects/ble-manager/Frameworks",
					"$(SYSTEM_APPS_DIR)/Reveal.app/Contents/SharedSupport/iOS-Libraries",
				);
				GCC_PRECOMPILE_PREFIX_HEADER = YES;
				GCC_PREFIX_HEADER = "ble-manager/ble-manager-Prefix.pch";
				INFOPLIST_FILE = "ble-manager/ble-manager-Info.plist";
				PRODUCT_NAME = "$(TARGET_NAME)";
				WRAPPER_EXTENSION = app;
			};
			name = Debug;
		};
		541E0C6718A6647E00825463 /* Release */ = {
			isa = XCBuildConfiguration;
			baseConfigurationReference = 4F77B1F5148B4CB9A56C5598 /* Pods.xcconfig */;
			buildSettings = {
				ASSETCATALOG_COMPILER_APPICON_NAME = AppIcon;
				ASSETCATALOG_COMPILER_LAUNCHIMAGE_NAME = LaunchImage;
				FRAMEWORK_SEARCH_PATHS = (
					"$(inherited)",
					"/Users/akinsella/Workspace/Projects/ble-manager/Frameworks",
					"$(SYSTEM_APPS_DIR)/Reveal.app/Contents/SharedSupport/iOS-Libraries",
				);
				GCC_PRECOMPILE_PREFIX_HEADER = YES;
				GCC_PREFIX_HEADER = "ble-manager/ble-manager-Prefix.pch";
				INFOPLIST_FILE = "ble-manager/ble-manager-Info.plist";
				PRODUCT_NAME = "$(TARGET_NAME)";
				WRAPPER_EXTENSION = app;
			};
			name = Release;
		};
		541E0C6918A6647E00825463 /* Debug */ = {
			isa = XCBuildConfiguration;
			baseConfigurationReference = 0CEA6051E412433B8CA7EF80 /* Pods-ble-managerTests.xcconfig */;
			buildSettings = {
				ARCHS = "$(ARCHS_STANDARD_INCLUDING_64_BIT)";
				BUNDLE_LOADER = "$(BUILT_PRODUCTS_DIR)/ble-manager.app/ble-manager";
				FRAMEWORK_SEARCH_PATHS = (
					"$(SDKROOT)/Developer/Library/Frameworks",
					"$(inherited)",
					"$(DEVELOPER_FRAMEWORKS_DIR)",
				);
				GCC_PRECOMPILE_PREFIX_HEADER = YES;
				GCC_PREFIX_HEADER = "ble-manager/ble-manager-Prefix.pch";
				GCC_PREPROCESSOR_DEFINITIONS = (
					"DEBUG=1",
					"$(inherited)",
				);
				INFOPLIST_FILE = "ble-managerTests/ble-managerTests-Info.plist";
				PRODUCT_NAME = "$(TARGET_NAME)";
				TEST_HOST = "$(BUNDLE_LOADER)";
				WRAPPER_EXTENSION = xctest;
			};
			name = Debug;
		};
		541E0C6A18A6647E00825463 /* Release */ = {
			isa = XCBuildConfiguration;
			baseConfigurationReference = 0CEA6051E412433B8CA7EF80 /* Pods-ble-managerTests.xcconfig */;
			buildSettings = {
				ARCHS = "$(ARCHS_STANDARD_INCLUDING_64_BIT)";
				BUNDLE_LOADER = "$(BUILT_PRODUCTS_DIR)/ble-manager.app/ble-manager";
				FRAMEWORK_SEARCH_PATHS = (
					"$(SDKROOT)/Developer/Library/Frameworks",
					"$(inherited)",
					"$(DEVELOPER_FRAMEWORKS_DIR)",
				);
				GCC_PRECOMPILE_PREFIX_HEADER = YES;
				GCC_PREFIX_HEADER = "ble-manager/ble-manager-Prefix.pch";
				INFOPLIST_FILE = "ble-managerTests/ble-managerTests-Info.plist";
				PRODUCT_NAME = "$(TARGET_NAME)";
				TEST_HOST = "$(BUNDLE_LOADER)";
				WRAPPER_EXTENSION = xctest;
			};
			name = Release;
		};
/* End XCBuildConfiguration section */

/* Begin XCConfigurationList section */
		541E0C2B18A6647D00825463 /* Build configuration list for PBXProject "ble-manager" */ = {
			isa = XCConfigurationList;
			buildConfigurations = (
				541E0C6318A6647E00825463 /* Debug */,
				541E0C6418A6647E00825463 /* Release */,
			);
			defaultConfigurationIsVisible = 0;
			defaultConfigurationName = Release;
		};
		541E0C6518A6647E00825463 /* Build configuration list for PBXNativeTarget "ble-manager" */ = {
			isa = XCConfigurationList;
			buildConfigurations = (
				541E0C6618A6647E00825463 /* Debug */,
				541E0C6718A6647E00825463 /* Release */,
			);
			defaultConfigurationIsVisible = 0;
			defaultConfigurationName = Release;
		};
		541E0C6818A6647E00825463 /* Build configuration list for PBXNativeTarget "ble-managerTests" */ = {
			isa = XCConfigurationList;
			buildConfigurations = (
				541E0C6918A6647E00825463 /* Debug */,
				541E0C6A18A6647E00825463 /* Release */,
			);
			defaultConfigurationIsVisible = 0;
			defaultConfigurationName = Release;
		};
/* End XCConfigurationList section */
	};
	rootObject = 541E0C2818A6647D00825463 /* Project object */;
}
